
Microsoft Visual Studio Solution File, Format Version 12.00
# Visual Studio Version 16
VisualStudioVersion = 16.0.29102.190
MinimumVisualStudioVersion = 10.0.40219.1
Project("{FAE04EC0-301F-11D3-BF4B-00C04F79EFBC}") = "TypeTest", "TypeTest\TypeTest.csproj", "{A08D8E18-0FDA-4451-B55F-F3E8ECC9D558}"
EndProject
Project("{9A19103F-16F7-4668-BE54-9A1E7A4F7556}") = "设计模式_单例模式", "设计模式_单例模式\设计模式_单例模式.csproj", "{1AD6A2EC-B67C-4DE1-8792-E6A51D4A725F}"
EndProject
Project("{9A19103F-16F7-4668-BE54-9A1E7A4F7556}") = "开闭原则", "开闭原则\开闭原则.csproj", "{99B6B5B4-68E9-4210-B18C-666F4E9FCCAE}"
EndProject
Project("{9A19103F-16F7-4668-BE54-9A1E7A4F7556}") = "里式代换原则", "里式代换原则\里式代换原则.csproj", "{3012B24E-C5F4-4F9E-A4CD-8019C5BC07E1}"
EndProject
Project("{9A19103F-16F7-4668-BE54-9A1E7A4F7556}") = "依赖导致原则", "依赖导致原则\依赖导致原则.csproj", "{53B18B4D-044C-4268-9DE3-796369F26014}"
EndProject
Project("{9A19103F-16F7-4668-BE54-9A1E7A4F7556}") = "接口隔离原则", "接口隔离原则\接口隔离原则.csproj", "{8E03CF1A-2F43-4627-8590-EC82542F74E8}"
EndProject
Project("{9A19103F-16F7-4668-BE54-9A1E7A4F7556}") = "迪米特法则", "迪米特法则\迪米特法则.csproj", "{B1FE4F59-F910-4B9F-8D2B-2B46F423E2D2}"
EndProject
Project("{9A19103F-16F7-4668-BE54-9A1E7A4F7556}") = "设计模式_简单工厂模式", "设计模式_简单工厂模式\设计模式_简单工厂模式.csproj", "{ECEB5DE0-476E-4415-B4F0-7B4DA05F6AA9}"
EndProject
Project("{9A19103F-16F7-4668-BE54-9A1E7A4F7556}") = "设计模式_工厂方法模式", "设计模式_工厂方法模式\设计模式_工厂方法模式.csproj", "{A69DBD25-8C2C-49FD-9891-7EA223E7F1F2}"
EndProject
Project("{9A19103F-16F7-4668-BE54-9A1E7A4F7556}") = "缓存", "缓存\缓存.csproj", "{FCB78054-5C08-44A2-B536-49D52C3F43A5}"
EndProject
Project("{9A19103F-16F7-4668-BE54-9A1E7A4F7556}") = "设计模式_原型模式", "设计模式_原型模式\设计模式_原型模式.csproj", "{779DFCF6-2FFD-412D-B5D7-6E51659A587F}"
EndProject
Project("{9A19103F-16F7-4668-BE54-9A1E7A4F7556}") = "异步多线程", "异步多线程\异步多线程.csproj", "{2821345B-F898-4F1B-AB50-FB50751CE9F9}"
EndProject
Project("{9A19103F-16F7-4668-BE54-9A1E7A4F7556}") = "设计模式_适配器模式", "设计模式_适配器模式\设计模式_适配器模式.csproj", "{26B28935-56C1-4A2D-A2DE-77E505ED1A2D}"
EndProject
Project("{9A19103F-16F7-4668-BE54-9A1E7A4F7556}") = "代理模式", "代理模式\代理模式.csproj", "{EBEEFA1C-2838-4B16-8FED-D91D3194E5B0}"
EndProject
Project("{2150E333-8FDC-42A3-9474-1A3956D46DE8}") = "结构型模式", "结构型模式", "{3197333A-6724-42AE-B768-2B318B2DB782}"
EndProject
Project("{9A19103F-16F7-4668-BE54-9A1E7A4F7556}") = "装饰器模式", "装饰器模式\装饰器模式.csproj", "{F99E3DB1-FBCA-4E5E-B063-12A070AC7A0D}"
EndProject
Project("{2150E333-8FDC-42A3-9474-1A3956D46DE8}") = "行为型模式", "行为型模式", "{881D68DA-3015-44BD-A01D-2287CD5E8CC8}"
EndProject
Project("{9A19103F-16F7-4668-BE54-9A1E7A4F7556}") = "观察者模式", "观察者模式\观察者模式.csproj", "{C64E23DC-BC50-4430-AD8B-49FC780A5B88}"
EndProject
Project("{9A19103F-16F7-4668-BE54-9A1E7A4F7556}") = "职责链模式", "职责链模式\职责链模式.csproj", "{8D553427-3405-4FD5-90B7-B844D42187C8}"
EndProject
Project("{2150E333-8FDC-42A3-9474-1A3956D46DE8}") = "IOC", "IOC", "{1F18E6F3-8557-40D8-884B-2E66E9BCB449}"
EndProject
Project("{9A19103F-16F7-4668-BE54-9A1E7A4F7556}") = "IOC_Dome", "IOC_Dome\IOC_Dome.csproj", "{973FB09A-430B-4BEB-9796-620B57AC8C1F}"
EndProject
Project("{2150E333-8FDC-42A3-9474-1A3956D46DE8}") = "测试", "测试", "{71D5309D-9327-453D-B6C8-35F3455CF6B7}"
EndProject
Project("{9A19103F-16F7-4668-BE54-9A1E7A4F7556}") = "测试Demo", "测试Demo\测试Demo.csproj", "{E28B61B5-0CC7-4428-AAB6-8E2EB2B45A1A}"
EndProject
Project("{FAE04EC0-301F-11D3-BF4B-00C04F79EFBC}") = "委托异步调用", "委托异步调用\委托异步调用.csproj", "{8E9F4FA5-9F06-436D-B749-13F36683B4B9}"
EndProject
Project("{FAE04EC0-301F-11D3-BF4B-00C04F79EFBC}") = "SocketTest", "SocketTest\SocketTest.csproj", "{DFACE536-8480-4758-8BA6-6A67F526CD84}"
EndProject
Project("{FAE04EC0-301F-11D3-BF4B-00C04F79EFBC}") = "SwaggerDemo", "SwaggerDemo\SwaggerDemo.csproj", "{A98493F5-C69F-4AB3-A4D2-C43FBFCC6CD0}"
EndProject
Project("{2150E333-8FDC-42A3-9474-1A3956D46DE8}") = "数据库连接", "数据库连接", "{6BD7CC6A-FBED-48C8-BD29-C90D90A5282E}"
EndProject
Project("{FAE04EC0-301F-11D3-BF4B-00C04F79EFBC}") = "PGSqlDemo", "PGSqlDemo\PGSqlDemo.csproj", "{8508997D-A023-434E-8183-A7A0C33BB8D4}"
EndProject
Project("{FAE04EC0-301F-11D3-BF4B-00C04F79EFBC}") = "IOCMin", "IOCMin\IOCMin.csproj", "{BB6DCF49-18A5-4293-8397-BBB9028866A9}"
EndProject
Global
	GlobalSection(SolutionConfigurationPlatforms) = preSolution
		Debug|Any CPU = Debug|Any CPU
		Release|Any CPU = Release|Any CPU
	EndGlobalSection
	GlobalSection(ProjectConfigurationPlatforms) = postSolution
		{A08D8E18-0FDA-4451-B55F-F3E8ECC9D558}.Debug|Any CPU.ActiveCfg = Debug|Any CPU
		{A08D8E18-0FDA-4451-B55F-F3E8ECC9D558}.Debug|Any CPU.Build.0 = Debug|Any CPU
		{A08D8E18-0FDA-4451-B55F-F3E8ECC9D558}.Release|Any CPU.ActiveCfg = Release|Any CPU
		{A08D8E18-0FDA-4451-B55F-F3E8ECC9D558}.Release|Any CPU.Build.0 = Release|Any CPU
		{1AD6A2EC-B67C-4DE1-8792-E6A51D4A725F}.Debug|Any CPU.ActiveCfg = Debug|Any CPU
		{1AD6A2EC-B67C-4DE1-8792-E6A51D4A725F}.Debug|Any CPU.Build.0 = Debug|Any CPU
		{1AD6A2EC-B67C-4DE1-8792-E6A51D4A725F}.Release|Any CPU.ActiveCfg = Release|Any CPU
		{1AD6A2EC-B67C-4DE1-8792-E6A51D4A725F}.Release|Any CPU.Build.0 = Release|Any CPU
		{99B6B5B4-68E9-4210-B18C-666F4E9FCCAE}.Debug|Any CPU.ActiveCfg = Debug|Any CPU
		{99B6B5B4-68E9-4210-B18C-666F4E9FCCAE}.Debug|Any CPU.Build.0 = Debug|Any CPU
		{99B6B5B4-68E9-4210-B18C-666F4E9FCCAE}.Release|Any CPU.ActiveCfg = Release|Any CPU
		{99B6B5B4-68E9-4210-B18C-666F4E9FCCAE}.Release|Any CPU.Build.0 = Release|Any CPU
		{3012B24E-C5F4-4F9E-A4CD-8019C5BC07E1}.Debug|Any CPU.ActiveCfg = Debug|Any CPU
		{3012B24E-C5F4-4F9E-A4CD-8019C5BC07E1}.Debug|Any CPU.Build.0 = Debug|Any CPU
		{3012B24E-C5F4-4F9E-A4CD-8019C5BC07E1}.Release|Any CPU.ActiveCfg = Release|Any CPU
		{3012B24E-C5F4-4F9E-A4CD-8019C5BC07E1}.Release|Any CPU.Build.0 = Release|Any CPU
		{53B18B4D-044C-4268-9DE3-796369F26014}.Debug|Any CPU.ActiveCfg = Debug|Any CPU
		{53B18B4D-044C-4268-9DE3-796369F26014}.Debug|Any CPU.Build.0 = Debug|Any CPU
		{53B18B4D-044C-4268-9DE3-796369F26014}.Release|Any CPU.ActiveCfg = Release|Any CPU
		{53B18B4D-044C-4268-9DE3-796369F26014}.Release|Any CPU.Build.0 = Release|Any CPU
		{8E03CF1A-2F43-4627-8590-EC82542F74E8}.Debug|Any CPU.ActiveCfg = Debug|Any CPU
		{8E03CF1A-2F43-4627-8590-EC82542F74E8}.Debug|Any CPU.Build.0 = Debug|Any CPU
		{8E03CF1A-2F43-4627-8590-EC82542F74E8}.Release|Any CPU.ActiveCfg = Release|Any CPU
		{8E03CF1A-2F43-4627-8590-EC82542F74E8}.Release|Any CPU.Build.0 = Release|Any CPU
		{B1FE4F59-F910-4B9F-8D2B-2B46F423E2D2}.Debug|Any CPU.ActiveCfg = Debug|Any CPU
		{B1FE4F59-F910-4B9F-8D2B-2B46F423E2D2}.Debug|Any CPU.Build.0 = Debug|Any CPU
		{B1FE4F59-F910-4B9F-8D2B-2B46F423E2D2}.Release|Any CPU.ActiveCfg = Release|Any CPU
		{B1FE4F59-F910-4B9F-8D2B-2B46F423E2D2}.Release|Any CPU.Build.0 = Release|Any CPU
		{ECEB5DE0-476E-4415-B4F0-7B4DA05F6AA9}.Debug|Any CPU.ActiveCfg = Debug|Any CPU
		{ECEB5DE0-476E-4415-B4F0-7B4DA05F6AA9}.Debug|Any CPU.Build.0 = Debug|Any CPU
		{ECEB5DE0-476E-4415-B4F0-7B4DA05F6AA9}.Release|Any CPU.ActiveCfg = Release|Any CPU
		{ECEB5DE0-476E-4415-B4F0-7B4DA05F6AA9}.Release|Any CPU.Build.0 = Release|Any CPU
		{A69DBD25-8C2C-49FD-9891-7EA223E7F1F2}.Debug|Any CPU.ActiveCfg = Debug|Any CPU
		{A69DBD25-8C2C-49FD-9891-7EA223E7F1F2}.Debug|Any CPU.Build.0 = Debug|Any CPU
		{A69DBD25-8C2C-49FD-9891-7EA223E7F1F2}.Release|Any CPU.ActiveCfg = Release|Any CPU
		{A69DBD25-8C2C-49FD-9891-7EA223E7F1F2}.Release|Any CPU.Build.0 = Release|Any CPU
		{FCB78054-5C08-44A2-B536-49D52C3F43A5}.Debug|Any CPU.ActiveCfg = Debug|Any CPU
		{FCB78054-5C08-44A2-B536-49D52C3F43A5}.Debug|Any CPU.Build.0 = Debug|Any CPU
		{FCB78054-5C08-44A2-B536-49D52C3F43A5}.Release|Any CPU.ActiveCfg = Release|Any CPU
		{FCB78054-5C08-44A2-B536-49D52C3F43A5}.Release|Any CPU.Build.0 = Release|Any CPU
		{779DFCF6-2FFD-412D-B5D7-6E51659A587F}.Debug|Any CPU.ActiveCfg = Debug|Any CPU
		{779DFCF6-2FFD-412D-B5D7-6E51659A587F}.Debug|Any CPU.Build.0 = Debug|Any CPU
		{779DFCF6-2FFD-412D-B5D7-6E51659A587F}.Release|Any CPU.ActiveCfg = Release|Any CPU
		{779DFCF6-2FFD-412D-B5D7-6E51659A587F}.Release|Any CPU.Build.0 = Release|Any CPU
		{2821345B-F898-4F1B-AB50-FB50751CE9F9}.Debug|Any CPU.ActiveCfg = Debug|Any CPU
		{2821345B-F898-4F1B-AB50-FB50751CE9F9}.Debug|Any CPU.Build.0 = Debug|Any CPU
		{2821345B-F898-4F1B-AB50-FB50751CE9F9}.Release|Any CPU.ActiveCfg = Release|Any CPU
		{2821345B-F898-4F1B-AB50-FB50751CE9F9}.Release|Any CPU.Build.0 = Release|Any CPU
		{26B28935-56C1-4A2D-A2DE-77E505ED1A2D}.Debug|Any CPU.ActiveCfg = Debug|Any CPU
		{26B28935-56C1-4A2D-A2DE-77E505ED1A2D}.Debug|Any CPU.Build.0 = Debug|Any CPU
		{26B28935-56C1-4A2D-A2DE-77E505ED1A2D}.Release|Any CPU.ActiveCfg = Release|Any CPU
		{26B28935-56C1-4A2D-A2DE-77E505ED1A2D}.Release|Any CPU.Build.0 = Release|Any CPU
		{EBEEFA1C-2838-4B16-8FED-D91D3194E5B0}.Debug|Any CPU.ActiveCfg = Debug|Any CPU
		{EBEEFA1C-2838-4B16-8FED-D91D3194E5B0}.Debug|Any CPU.Build.0 = Debug|Any CPU
		{EBEEFA1C-2838-4B16-8FED-D91D3194E5B0}.Release|Any CPU.ActiveCfg = Release|Any CPU
		{EBEEFA1C-2838-4B16-8FED-D91D3194E5B0}.Release|Any CPU.Build.0 = Release|Any CPU
		{F99E3DB1-FBCA-4E5E-B063-12A070AC7A0D}.Debug|Any CPU.ActiveCfg = Debug|Any CPU
		{F99E3DB1-FBCA-4E5E-B063-12A070AC7A0D}.Debug|Any CPU.Build.0 = Debug|Any CPU
		{F99E3DB1-FBCA-4E5E-B063-12A070AC7A0D}.Release|Any CPU.ActiveCfg = Release|Any CPU
		{F99E3DB1-FBCA-4E5E-B063-12A070AC7A0D}.Release|Any CPU.Build.0 = Release|Any CPU
		{C64E23DC-BC50-4430-AD8B-49FC780A5B88}.Debug|Any CPU.ActiveCfg = Debug|Any CPU
		{C64E23DC-BC50-4430-AD8B-49FC780A5B88}.Debug|Any CPU.Build.0 = Debug|Any CPU
		{C64E23DC-BC50-4430-AD8B-49FC780A5B88}.Release|Any CPU.ActiveCfg = Release|Any CPU
		{C64E23DC-BC50-4430-AD8B-49FC780A5B88}.Release|Any CPU.Build.0 = Release|Any CPU
		{8D553427-3405-4FD5-90B7-B844D42187C8}.Debug|Any CPU.ActiveCfg = Debug|Any CPU
		{8D553427-3405-4FD5-90B7-B844D42187C8}.Debug|Any CPU.Build.0 = Debug|Any CPU
		{8D553427-3405-4FD5-90B7-B844D42187C8}.Release|Any CPU.ActiveCfg = Release|Any CPU
		{8D553427-3405-4FD5-90B7-B844D42187C8}.Release|Any CPU.Build.0 = Release|Any CPU
		{973FB09A-430B-4BEB-9796-620B57AC8C1F}.Debug|Any CPU.ActiveCfg = Debug|Any CPU
		{973FB09A-430B-4BEB-9796-620B57AC8C1F}.Debug|Any CPU.Build.0 = Debug|Any CPU
		{973FB09A-430B-4BEB-9796-620B57AC8C1F}.Release|Any CPU.ActiveCfg = Release|Any CPU
		{973FB09A-430B-4BEB-9796-620B57AC8C1F}.Release|Any CPU.Build.0 = Release|Any CPU
		{E28B61B5-0CC7-4428-AAB6-8E2EB2B45A1A}.Debug|Any CPU.ActiveCfg = Debug|Any CPU
		{E28B61B5-0CC7-4428-AAB6-8E2EB2B45A1A}.Debug|Any CPU.Build.0 = Debug|Any CPU
		{E28B61B5-0CC7-4428-AAB6-8E2EB2B45A1A}.Release|Any CPU.ActiveCfg = Release|Any CPU
		{E28B61B5-0CC7-4428-AAB6-8E2EB2B45A1A}.Release|Any CPU.Build.0 = Release|Any CPU
		{8E9F4FA5-9F06-436D-B749-13F36683B4B9}.Debug|Any CPU.ActiveCfg = Debug|Any CPU
		{8E9F4FA5-9F06-436D-B749-13F36683B4B9}.Debug|Any CPU.Build.0 = Debug|Any CPU
		{8E9F4FA5-9F06-436D-B749-13F36683B4B9}.Release|Any CPU.ActiveCfg = Release|Any CPU
		{8E9F4FA5-9F06-436D-B749-13F36683B4B9}.Release|Any CPU.Build.0 = Release|Any CPU
		{DFACE536-8480-4758-8BA6-6A67F526CD84}.Debug|Any CPU.ActiveCfg = Debug|Any CPU
		{DFACE536-8480-4758-8BA6-6A67F526CD84}.Debug|Any CPU.Build.0 = Debug|Any CPU
		{DFACE536-8480-4758-8BA6-6A67F526CD84}.Release|Any CPU.ActiveCfg = Release|Any CPU
		{DFACE536-8480-4758-8BA6-6A67F526CD84}.Release|Any CPU.Build.0 = Release|Any CPU
		{A98493F5-C69F-4AB3-A4D2-C43FBFCC6CD0}.Debug|Any CPU.ActiveCfg = Debug|Any CPU
		{A98493F5-C69F-4AB3-A4D2-C43FBFCC6CD0}.Debug|Any CPU.Build.0 = Debug|Any CPU
		{A98493F5-C69F-4AB3-A4D2-C43FBFCC6CD0}.Release|Any CPU.ActiveCfg = Release|Any CPU
		{A98493F5-C69F-4AB3-A4D2-C43FBFCC6CD0}.Release|Any CPU.Build.0 = Release|Any CPU
		{8508997D-A023-434E-8183-A7A0C33BB8D4}.Debug|Any CPU.ActiveCfg = Debug|Any CPU
		{8508997D-A023-434E-8183-A7A0C33BB8D4}.Debug|Any CPU.Build.0 = Debug|Any CPU
		{8508997D-A023-434E-8183-A7A0C33BB8D4}.Release|Any CPU.ActiveCfg = Release|Any CPU
		{8508997D-A023-434E-8183-A7A0C33BB8D4}.Release|Any CPU.Build.0 = Release|Any CPU
		{BB6DCF49-18A5-4293-8397-BBB9028866A9}.Debug|Any CPU.ActiveCfg = Debug|Any CPU
		{BB6DCF49-18A5-4293-8397-BBB9028866A9}.Debug|Any CPU.Build.0 = Debug|Any CPU
		{BB6DCF49-18A5-4293-8397-BBB9028866A9}.Release|Any CPU.ActiveCfg = Release|Any CPU
		{BB6DCF49-18A5-4293-8397-BBB9028866A9}.Release|Any CPU.Build.0 = Release|Any CPU
	EndGlobalSection
	GlobalSection(SolutionProperties) = preSolution
		HideSolutionNode = FALSE
	EndGlobalSection
	GlobalSection(NestedProjects) = preSolution
		{F99E3DB1-FBCA-4E5E-B063-12A070AC7A0D} = {3197333A-6724-42AE-B768-2B318B2DB782}
		{C64E23DC-BC50-4430-AD8B-49FC780A5B88} = {881D68DA-3015-44BD-A01D-2287CD5E8CC8}
		{8D553427-3405-4FD5-90B7-B844D42187C8} = {881D68DA-3015-44BD-A01D-2287CD5E8CC8}
		{973FB09A-430B-4BEB-9796-620B57AC8C1F} = {1F18E6F3-8557-40D8-884B-2E66E9BCB449}
		{E28B61B5-0CC7-4428-AAB6-8E2EB2B45A1A} = {71D5309D-9327-453D-B6C8-35F3455CF6B7}
		{8E9F4FA5-9F06-436D-B749-13F36683B4B9} = {71D5309D-9327-453D-B6C8-35F3455CF6B7}
		{DFACE536-8480-4758-8BA6-6A67F526CD84} = {71D5309D-9327-453D-B6C8-35F3455CF6B7}
		{8508997D-A023-434E-8183-A7A0C33BB8D4} = {6BD7CC6A-FBED-48C8-BD29-C90D90A5282E}
		{BB6DCF49-18A5-4293-8397-BBB9028866A9} = {1F18E6F3-8557-40D8-884B-2E66E9BCB449}
	EndGlobalSection
	GlobalSection(ExtensibilityGlobals) = postSolution
		SolutionGuid = {D40C3E85-E31B-4AD9-AF5F-13558DBB102A}
	EndGlobalSection
EndGlobal
